
Microsoft Visual Studio Solution File, Format Version 12.00
# Visual Studio Version 17
VisualStudioVersion = 17.11.35312.102
MinimumVisualStudioVersion = 10.0.40219.1
Project("{FAE04EC0-301F-11D3-BF4B-00C04F79EFBC}") = "pr_3_master_pol", "pr_3_master_pol.csproj", "{F000799A-FE11-45F7-ACAE-B3D648A297CC}"
EndProject
Global
	GlobalSection(SolutionConfigurationPlatforms) = preSolution
		Debug|Any CPU = Debug|Any CPU
		Release|Any CPU = Release|Any CPU
	EndGlobalSection
	GlobalSection(ProjectConfigurationPlatforms) = postSolution
		{F000799A-FE11-45F7-ACAE-B3D648A297CC}.Debug|Any CPU.ActiveCfg = Debug|Any CPU
		{F000799A-FE11-45F7-ACAE-B3D648A297CC}.Debug|Any CPU.Build.0 = Debug|Any CPU
		{F000799A-FE11-45F7-ACAE-B3D648A297CC}.Release|Any CPU.ActiveCfg = Release|Any CPU
		{F000799A-FE11-45F7-ACAE-B3D648A297CC}.Release|Any CPU.Build.0 = Release|Any CPU
	EndGlobalSection
	GlobalSection(SolutionProperties) = preSolution
		HideSolutionNode = FALSE
	EndGlobalSection
	GlobalSection(ExtensibilityGlobals) = postSolution
		SolutionGuid = {AF7D126A-28BF-4DDE-84DB-3AD7112BA731}
	EndGlobalSection
EndGlobal
